Microsoft Visual Studio Solution File, Format Version 12.00
# Visual Studio Version 17
VisualStudioVersion = 17.5.2.0
MinimumVisualStudioVersion = 10.0.40219.1
Project("{FAE04EC0-301F-11D3-BF4B-00C04F79EFBC}") = "BotGeneralFramework.TelegramBot", "BotGeneralFramework.TelegramBot\BotGeneralFramework.TelegramBot.csproj", "{81B8D203-25FF-8107-77DF-B057D14C58B7}"
EndProject
Project("{FAE04EC0-301F-11D3-BF4B-00C04F79EFBC}") = "BotGeneralFramework.CLI", "BotGeneralFramework.CLI\BotGeneralFramework.CLI.csproj", "{3A10C71A-ABDC-87A1-4A84-DA48EA3C235B}"
EndProject
Project("{FAE04EC0-301F-11D3-BF4B-00C04F79EFBC}") = "BotGeneralFramework.Tests", "BotGeneralFramework.Tests\BotGeneralFramework.Tests.csproj", "{D5300986-A516-DCA6-877A-370B6444258A}"
EndProject
Project("{FAE04EC0-301F-11D3-BF4B-00C04F79EFBC}") = "BotGeneralFramework.Core.Plugins", "BotGeneralFramework.Core.Plugins\BotGeneralFramework.Core.Plugins.csproj", "{00EC954F-0BDB-62C9-8CC4-61B04ABE0135}"
EndProject
Project("{FAE04EC0-301F-11D3-BF4B-00C04F79EFBC}") = "BotGeneralFramework.Core", "BotGeneralFramework.Core\BotGeneralFramework.Core.csproj", "{00C5BEF5-C00F-9A8D-DA67-F04614BB1620}"
EndProject
Project("{FAE04EC0-301F-11D3-BF4B-00C04F79EFBC}") = "BotGeneralFramework.Utils", "BotGeneralFramework.Utils\BotGeneralFramework.Utils.csproj", "{D5E5810B-2B4D-1C2A-D0FE-8C3498390122}"
EndProject
Project("{FAE04EC0-301F-11D3-BF4B-00C04F79EFBC}") = "BotGeneralFramework.Types", "BotGeneralFramework.Types\BotGeneralFramework.Types.csproj", "{E59DF5ED-2867-3095-53B2-63EEE4E40485}"
EndProject
Project("{FAE04EC0-301F-11D3-BF4B-00C04F79EFBC}") = "BotGeneralFramework.Server", "BotGeneralFramework.Server\BotGeneralFramework.Server.csproj", "{8B17C617-A7C3-5467-9D25-2095D5BFF5C1}"
EndProject
Global
	GlobalSection(SolutionConfigurationPlatforms) = preSolution
		Debug|Any CPU = Debug|Any CPU
		Release|Any CPU = Release|Any CPU
	EndGlobalSection
	GlobalSection(ProjectConfigurationPlatforms) = postSolution
		{81B8D203-25FF-8107-77DF-B057D14C58B7}.Debug|Any CPU.ActiveCfg = Debug|Any CPU
		{81B8D203-25FF-8107-77DF-B057D14C58B7}.Debug|Any CPU.Build.0 = Debug|Any CPU
		{81B8D203-25FF-8107-77DF-B057D14C58B7}.Release|Any CPU.ActiveCfg = Release|Any CPU
		{81B8D203-25FF-8107-77DF-B057D14C58B7}.Release|Any CPU.Build.0 = Release|Any CPU
		{3A10C71A-ABDC-87A1-4A84-DA48EA3C235B}.Debug|Any CPU.ActiveCfg = Debug|Any CPU
		{3A10C71A-ABDC-87A1-4A84-DA48EA3C235B}.Debug|Any CPU.Build.0 = Debug|Any CPU
		{3A10C71A-ABDC-87A1-4A84-DA48EA3C235B}.Release|Any CPU.ActiveCfg = Release|Any CPU
		{3A10C71A-ABDC-87A1-4A84-DA48EA3C235B}.Release|Any CPU.Build.0 = Release|Any CPU
		{D5300986-A516-DCA6-877A-370B6444258A}.Debug|Any CPU.ActiveCfg = Debug|Any CPU
		{D5300986-A516-DCA6-877A-370B6444258A}.Debug|Any CPU.Build.0 = Debug|Any CPU
		{D5300986-A516-DCA6-877A-370B6444258A}.Release|Any CPU.ActiveCfg = Release|Any CPU
		{D5300986-A516-DCA6-877A-370B6444258A}.Release|Any CPU.Build.0 = Release|Any CPU
		{00EC954F-0BDB-62C9-8CC4-61B04ABE0135}.Debug|Any CPU.ActiveCfg = Debug|Any CPU
		{00EC954F-0BDB-62C9-8CC4-61B04ABE0135}.Debug|Any CPU.Build.0 = Debug|Any CPU
		{00EC954F-0BDB-62C9-8CC4-61B04ABE0135}.Release|Any CPU.ActiveCfg = Release|Any CPU
		{00EC954F-0BDB-62C9-8CC4-61B04ABE0135}.Release|Any CPU.Build.0 = Release|Any CPU
		{00C5BEF5-C00F-9A8D-DA67-F04614BB1620}.Debug|Any CPU.ActiveCfg = Debug|Any CPU
		{00C5BEF5-C00F-9A8D-DA67-F04614BB1620}.Debug|Any CPU.Build.0 = Debug|Any CPU
		{00C5BEF5-C00F-9A8D-DA67-F04614BB1620}.Release|Any CPU.ActiveCfg = Release|Any CPU
		{00C5BEF5-C00F-9A8D-DA67-F04614BB1620}.Release|Any CPU.Build.0 = Release|Any CPU
		{D5E5810B-2B4D-1C2A-D0FE-8C3498390122}.Debug|Any CPU.ActiveCfg = Debug|Any CPU
		{D5E5810B-2B4D-1C2A-D0FE-8C3498390122}.Debug|Any CPU.Build.0 = Debug|Any CPU
		{D5E5810B-2B4D-1C2A-D0FE-8C3498390122}.Release|Any CPU.ActiveCfg = Release|Any CPU
		{D5E5810B-2B4D-1C2A-D0FE-8C3498390122}.Release|Any CPU.Build.0 = Release|Any CPU
		{E59DF5ED-2867-3095-53B2-63EEE4E40485}.Debug|Any CPU.ActiveCfg = Debug|Any CPU
		{E59DF5ED-2867-3095-53B2-63EEE4E40485}.Debug|Any CPU.Build.0 = Debug|Any CPU
		{E59DF5ED-2867-3095-53B2-63EEE4E40485}.Release|Any CPU.ActiveCfg = Release|Any CPU
		{E59DF5ED-2867-3095-53B2-63EEE4E40485}.Release|Any CPU.Build.0 = Release|Any CPU
		{8B17C617-A7C3-5467-9D25-2095D5BFF5C1}.Debug|Any CPU.ActiveCfg = Debug|Any CPU
		{8B17C617-A7C3-5467-9D25-2095D5BFF5C1}.Debug|Any CPU.Build.0 = Debug|Any CPU
		{8B17C617-A7C3-5467-9D25-2095D5BFF5C1}.Release|Any CPU.ActiveCfg = Release|Any CPU
		{8B17C617-A7C3-5467-9D25-2095D5BFF5C1}.Release|Any CPU.Build.0 = Release|Any CPU
	EndGlobalSection
	GlobalSection(SolutionProperties) = preSolution
		HideSolutionNode = FALSE
	EndGlobalSection
	GlobalSection(ExtensibilityGlobals) = postSolution
		SolutionGuid = {F5CB3C16-2203-4E4F-88CA-437D829566CF}
	EndGlobalSection
EndGlobal
